
Microsoft Visual Studio Solution File, Format Version 12.00
# Visual Studio 15
VisualStudioVersion = 15.0.27130.0
MinimumVisualStudioVersion = 10.0.40219.1
Project("{888888A0-9F3D-457C-B088-3A5042F75D52}") = "Discord-Bot", "Discord-Bot\Discord-Bot.pyproj", "{E27EC491-5F6D-4A6C-BF9C-8392F266A9DA}"
EndProject
Project("{8BC9CEB8-8B4A-11D0-8D11-00A0C91BC942}") = "sqfvm-cpp", "sqfvm-cpp\sqfvm-cpp.vcxproj", "{30E1BC90-027B-4044-9695-1C1A4671D14B}"
EndProject
Project("{FAE04EC0-301F-11D3-BF4B-00C04F79EFBC}") = "Discord-Bot-CS", "Discord-Bot-CS\Discord-Bot-CS.csproj", "{18EB2DDE-EE8A-4A98-8C55-88A6C2C3077F}"
EndProject
Project("{FAE04EC0-301F-11D3-BF4B-00C04F79EFBC}") = "sqfvm-exports-test", "sqfvm-exports-test\sqfvm-exports-test.csproj", "{016C7EE2-2D0E-422F-8E94-0075D3A4A0D6}"
EndProject
Project("{FAE04EC0-301F-11D3-BF4B-00C04F79EFBC}") = "Debugger-CLI", "Debugger-CLI\Debugger-CLI.csproj", "{3381DAFA-2048-4162-B0C1-0F14AA4C52DE}"
EndProject
Global
	GlobalSection(SolutionConfigurationPlatforms) = preSolution
		Debug|Any CPU = Debug|Any CPU
		Debug|x64 = Debug|x64
		Debug|x86 = Debug|x86
		DLL|Any CPU = DLL|Any CPU
		DLL|x64 = DLL|x64
		DLL|x86 = DLL|x86
		DLL2|Any CPU = DLL2|Any CPU
		DLL2|x64 = DLL2|x64
		DLL2|x86 = DLL2|x86
		Release|Any CPU = Release|Any CPU
		Release|x64 = Release|x64
		Release|x86 = Release|x86
	EndGlobalSection
	GlobalSection(ProjectConfigurationPlatforms) = postSolution
		{E27EC491-5F6D-4A6C-BF9C-8392F266A9DA}.Debug|Any CPU.ActiveCfg = Debug|Any CPU
		{E27EC491-5F6D-4A6C-BF9C-8392F266A9DA}.Debug|x64.ActiveCfg = Debug|Any CPU
		{E27EC491-5F6D-4A6C-BF9C-8392F266A9DA}.Debug|x86.ActiveCfg = Debug|Any CPU
		{E27EC491-5F6D-4A6C-BF9C-8392F266A9DA}.DLL|Any CPU.ActiveCfg = Debug|Any CPU
		{E27EC491-5F6D-4A6C-BF9C-8392F266A9DA}.DLL|x64.ActiveCfg = Debug|Any CPU
		{E27EC491-5F6D-4A6C-BF9C-8392F266A9DA}.DLL|x86.ActiveCfg = Debug|Any CPU
		{E27EC491-5F6D-4A6C-BF9C-8392F266A9DA}.DLL2|Any CPU.ActiveCfg = Debug|Any CPU
		{E27EC491-5F6D-4A6C-BF9C-8392F266A9DA}.DLL2|x64.ActiveCfg = Debug|Any CPU
		{E27EC491-5F6D-4A6C-BF9C-8392F266A9DA}.DLL2|x86.ActiveCfg = Debug|Any CPU
		{E27EC491-5F6D-4A6C-BF9C-8392F266A9DA}.Release|Any CPU.ActiveCfg = Release|Any CPU
		{E27EC491-5F6D-4A6C-BF9C-8392F266A9DA}.Release|x64.ActiveCfg = Release|Any CPU
		{E27EC491-5F6D-4A6C-BF9C-8392F266A9DA}.Release|x86.ActiveCfg = Release|Any CPU
		{30E1BC90-027B-4044-9695-1C1A4671D14B}.Debug|Any CPU.ActiveCfg = Debug|Win32
		{30E1BC90-027B-4044-9695-1C1A4671D14B}.Debug|x64.ActiveCfg = Debug|x64
		{30E1BC90-027B-4044-9695-1C1A4671D14B}.Debug|x64.Build.0 = Debug|x64
		{30E1BC90-027B-4044-9695-1C1A4671D14B}.Debug|x86.ActiveCfg = Debug|Win32
		{30E1BC90-027B-4044-9695-1C1A4671D14B}.Debug|x86.Build.0 = Debug|Win32
		{30E1BC90-027B-4044-9695-1C1A4671D14B}.DLL|Any CPU.ActiveCfg = Release|x64
		{30E1BC90-027B-4044-9695-1C1A4671D14B}.DLL|Any CPU.Build.0 = Release|x64
		{30E1BC90-027B-4044-9695-1C1A4671D14B}.DLL|Any CPU.Deploy.0 = Release|x64
		{30E1BC90-027B-4044-9695-1C1A4671D14B}.DLL|x64.ActiveCfg = Debug|x64
		{30E1BC90-027B-4044-9695-1C1A4671D14B}.DLL|x64.Build.0 = Debug|x64
		{30E1BC90-027B-4044-9695-1C1A4671D14B}.DLL|x64.Deploy.0 = Debug|x64
		{30E1BC90-027B-4044-9695-1C1A4671D14B}.DLL|x86.ActiveCfg = DLL2|Win32
		{30E1BC90-027B-4044-9695-1C1A4671D14B}.DLL|x86.Build.0 = DLL2|Win32
		{30E1BC90-027B-4044-9695-1C1A4671D14B}.DLL|x86.Deploy.0 = DLL2|Win32
		{30E1BC90-027B-4044-9695-1C1A4671D14B}.DLL2|Any CPU.ActiveCfg = DLL2|Win32
		{30E1BC90-027B-4044-9695-1C1A4671D14B}.DLL2|x64.ActiveCfg = DLL2|x64
		{30E1BC90-027B-4044-9695-1C1A4671D14B}.DLL2|x64.Build.0 = DLL2|x64
		{30E1BC90-027B-4044-9695-1C1A4671D14B}.DLL2|x86.ActiveCfg = DLL2|Win32
		{30E1BC90-027B-4044-9695-1C1A4671D14B}.DLL2|x86.Build.0 = DLL2|Win32
		{30E1BC90-027B-4044-9695-1C1A4671D14B}.Release|Any CPU.ActiveCfg = Release|Win32
		{30E1BC90-027B-4044-9695-1C1A4671D14B}.Release|x64.ActiveCfg = Release|x64
		{30E1BC90-027B-4044-9695-1C1A4671D14B}.Release|x64.Build.0 = Release|x64
		{30E1BC90-027B-4044-9695-1C1A4671D14B}.Release|x86.ActiveCfg = Release|Win32
		{30E1BC90-027B-4044-9695-1C1A4671D14B}.Release|x86.Build.0 = Release|Win32
		{18EB2DDE-EE8A-4A98-8C55-88A6C2C3077F}.Debug|Any CPU.ActiveCfg = Debug|Any CPU
		{18EB2DDE-EE8A-4A98-8C55-88A6C2C3077F}.Debug|Any CPU.Build.0 = Debug|Any CPU
		{18EB2DDE-EE8A-4A98-8C55-88A6C2C3077F}.Debug|x64.ActiveCfg = Debug|Any CPU
		{18EB2DDE-EE8A-4A98-8C55-88A6C2C3077F}.Debug|x64.Build.0 = Debug|Any CPU
		{18EB2DDE-EE8A-4A98-8C55-88A6C2C3077F}.Debug|x86.ActiveCfg = Debug|Any CPU
		{18EB2DDE-EE8A-4A98-8C55-88A6C2C3077F}.Debug|x86.Build.0 = Debug|Any CPU
		{18EB2DDE-EE8A-4A98-8C55-88A6C2C3077F}.DLL|Any CPU.ActiveCfg = Debug|Any CPU
		{18EB2DDE-EE8A-4A98-8C55-88A6C2C3077F}.DLL|Any CPU.Build.0 = Debug|Any CPU
		{18EB2DDE-EE8A-4A98-8C55-88A6C2C3077F}.DLL|x64.ActiveCfg = Debug|Any CPU
		{18EB2DDE-EE8A-4A98-8C55-88A6C2C3077F}.DLL|x64.Build.0 = Debug|Any CPU
		{18EB2DDE-EE8A-4A98-8C55-88A6C2C3077F}.DLL|x86.ActiveCfg = Debug|Any CPU
		{18EB2DDE-EE8A-4A98-8C55-88A6C2C3077F}.DLL|x86.Build.0 = Debug|Any CPU
		{18EB2DDE-EE8A-4A98-8C55-88A6C2C3077F}.DLL2|Any CPU.ActiveCfg = Debug|Any CPU
		{18EB2DDE-EE8A-4A98-8C55-88A6C2C3077F}.DLL2|Any CPU.Build.0 = Debug|Any CPU
		{18EB2DDE-EE8A-4A98-8C55-88A6C2C3077F}.DLL2|x64.ActiveCfg = Debug|Any CPU
		{18EB2DDE-EE8A-4A98-8C55-88A6C2C3077F}.DLL2|x64.Build.0 = Debug|Any CPU
		{18EB2DDE-EE8A-4A98-8C55-88A6C2C3077F}.DLL2|x86.ActiveCfg = Debug|Any CPU
		{18EB2DDE-EE8A-4A98-8C55-88A6C2C3077F}.DLL2|x86.Build.0 = Debug|Any CPU
		{18EB2DDE-EE8A-4A98-8C55-88A6C2C3077F}.Release|Any CPU.ActiveCfg = Release|Any CPU
		{18EB2DDE-EE8A-4A98-8C55-88A6C2C3077F}.Release|Any CPU.Build.0 = Release|Any CPU
		{18EB2DDE-EE8A-4A98-8C55-88A6C2C3077F}.Release|x64.ActiveCfg = Release|Any CPU
		{18EB2DDE-EE8A-4A98-8C55-88A6C2C3077F}.Release|x64.Build.0 = Release|Any CPU
		{18EB2DDE-EE8A-4A98-8C55-88A6C2C3077F}.Release|x86.ActiveCfg = Release|Any CPU
		{18EB2DDE-EE8A-4A98-8C55-88A6C2C3077F}.Release|x86.Build.0 = Release|Any CPU
		{016C7EE2-2D0E-422F-8E94-0075D3A4A0D6}.Debug|Any CPU.ActiveCfg = Debug|Any CPU
		{016C7EE2-2D0E-422F-8E94-0075D3A4A0D6}.Debug|Any CPU.Build.0 = Debug|Any CPU
		{016C7EE2-2D0E-422F-8E94-0075D3A4A0D6}.Debug|x64.ActiveCfg = Debug|Any CPU
		{016C7EE2-2D0E-422F-8E94-0075D3A4A0D6}.Debug|x64.Build.0 = Debug|Any CPU
		{016C7EE2-2D0E-422F-8E94-0075D3A4A0D6}.Debug|x86.ActiveCfg = Debug|Any CPU
		{016C7EE2-2D0E-422F-8E94-0075D3A4A0D6}.Debug|x86.Build.0 = Debug|Any CPU
		{016C7EE2-2D0E-422F-8E94-0075D3A4A0D6}.DLL|Any CPU.ActiveCfg = Debug|Any CPU
		{016C7EE2-2D0E-422F-8E94-0075D3A4A0D6}.DLL|Any CPU.Build.0 = Debug|Any CPU
		{016C7EE2-2D0E-422F-8E94-0075D3A4A0D6}.DLL|x64.ActiveCfg = Debug|Any CPU
		{016C7EE2-2D0E-422F-8E94-0075D3A4A0D6}.DLL|x64.Build.0 = Debug|Any CPU
		{016C7EE2-2D0E-422F-8E94-0075D3A4A0D6}.DLL|x86.ActiveCfg = Debug|Any CPU
		{016C7EE2-2D0E-422F-8E94-0075D3A4A0D6}.DLL|x86.Build.0 = Debug|Any CPU
		{016C7EE2-2D0E-422F-8E94-0075D3A4A0D6}.DLL2|Any CPU.ActiveCfg = Debug|Any CPU
		{016C7EE2-2D0E-422F-8E94-0075D3A4A0D6}.DLL2|Any CPU.Build.0 = Debug|Any CPU
		{016C7EE2-2D0E-422F-8E94-0075D3A4A0D6}.DLL2|x64.ActiveCfg = Debug|Any CPU
		{016C7EE2-2D0E-422F-8E94-0075D3A4A0D6}.DLL2|x64.Build.0 = Debug|Any CPU
		{016C7EE2-2D0E-422F-8E94-0075D3A4A0D6}.DLL2|x86.ActiveCfg = Debug|Any CPU
		{016C7EE2-2D0E-422F-8E94-0075D3A4A0D6}.DLL2|x86.Build.0 = Debug|Any CPU
		{016C7EE2-2D0E-422F-8E94-0075D3A4A0D6}.Release|Any CPU.ActiveCfg = Release|Any CPU
		{016C7EE2-2D0E-422F-8E94-0075D3A4A0D6}.Release|Any CPU.Build.0 = Release|Any CPU
		{016C7EE2-2D0E-422F-8E94-0075D3A4A0D6}.Release|x64.ActiveCfg = Release|Any CPU
		{016C7EE2-2D0E-422F-8E94-0075D3A4A0D6}.Release|x64.Build.0 = Release|Any CPU
		{016C7EE2-2D0E-422F-8E94-0075D3A4A0D6}.Release|x86.ActiveCfg = Release|Any CPU
		{016C7EE2-2D0E-422F-8E94-0075D3A4A0D6}.Release|x86.Build.0 = Release|Any CPU
		{3381DAFA-2048-4162-B0C1-0F14AA4C52DE}.Debug|Any CPU.ActiveCfg = Debug|Any CPU
		{3381DAFA-2048-4162-B0C1-0F14AA4C52DE}.Debug|Any CPU.Build.0 = Debug|Any CPU
		{3381DAFA-2048-4162-B0C1-0F14AA4C52DE}.Debug|x64.ActiveCfg = Debug|Any CPU
		{3381DAFA-2048-4162-B0C1-0F14AA4C52DE}.Debug|x64.Build.0 = Debug|Any CPU
		{3381DAFA-2048-4162-B0C1-0F14AA4C52DE}.Debug|x86.ActiveCfg = Debug|Any CPU
		{3381DAFA-2048-4162-B0C1-0F14AA4C52DE}.Debug|x86.Build.0 = Debug|Any CPU
		{3381DAFA-2048-4162-B0C1-0F14AA4C52DE}.DLL|Any CPU.ActiveCfg = Debug|Any CPU
		{3381DAFA-2048-4162-B0C1-0F14AA4C52DE}.DLL|Any CPU.Build.0 = Debug|Any CPU
		{3381DAFA-2048-4162-B0C1-0F14AA4C52DE}.DLL|x64.ActiveCfg = Debug|Any CPU
		{3381DAFA-2048-4162-B0C1-0F14AA4C52DE}.DLL|x64.Build.0 = Debug|Any CPU
		{3381DAFA-2048-4162-B0C1-0F14AA4C52DE}.DLL|x86.ActiveCfg = Debug|Any CPU
		{3381DAFA-2048-4162-B0C1-0F14AA4C52DE}.DLL|x86.Build.0 = Debug|Any CPU
		{3381DAFA-2048-4162-B0C1-0F14AA4C52DE}.DLL2|Any CPU.ActiveCfg = Debug|Any CPU
		{3381DAFA-2048-4162-B0C1-0F14AA4C52DE}.DLL2|Any CPU.Build.0 = Debug|Any CPU
		{3381DAFA-2048-4162-B0C1-0F14AA4C52DE}.DLL2|x64.ActiveCfg = Debug|Any CPU
		{3381DAFA-2048-4162-B0C1-0F14AA4C52DE}.DLL2|x64.Build.0 = Debug|Any CPU
		{3381DAFA-2048-4162-B0C1-0F14AA4C52DE}.DLL2|x86.ActiveCfg = Debug|Any CPU
		{3381DAFA-2048-4162-B0C1-0F14AA4C52DE}.DLL2|x86.Build.0 = Debug|Any CPU
		{3381DAFA-2048-4162-B0C1-0F14AA4C52DE}.Release|Any CPU.ActiveCfg = Release|Any CPU
		{3381DAFA-2048-4162-B0C1-0F14AA4C52DE}.Release|Any CPU.Build.0 = Release|Any CPU
		{3381DAFA-2048-4162-B0C1-0F14AA4C52DE}.Release|x64.ActiveCfg = Release|Any CPU
		{3381DAFA-2048-4162-B0C1-0F14AA4C52DE}.Release|x64.Build.0 = Release|Any CPU
		{3381DAFA-2048-4162-B0C1-0F14AA4C52DE}.Release|x86.ActiveCfg = Release|Any CPU
		{3381DAFA-2048-4162-B0C1-0F14AA4C52DE}.Release|x86.Build.0 = Release|Any CPU
	EndGlobalSection
	GlobalSection(SolutionProperties) = preSolution
		HideSolutionNode = FALSE
	EndGlobalSection
	GlobalSection(ExtensibilityGlobals) = postSolution
		SolutionGuid = {4B02DEEF-25F3-427F-9745-84D8B05D1D1C}
	EndGlobalSection
EndGlobal
