
Microsoft Visual Studio Solution File, Format Version 12.00
# Visual Studio 15
VisualStudioVersion = 15.0.27130.0
MinimumVisualStudioVersion = 10.0.40219.1
Project("{8BC9CEB8-8B4A-11D0-8D11-00A0C91BC942}") = "SQF-VM", "SQF-VM\SQF-VM.vcxproj", "{262E778C-9733-435F-B97D-F8B78C333CC3}"
EndProject
Project("{888888A0-9F3D-457C-B088-3A5042F75D52}") = "Discord-Bot", "Discord-Bot\Discord-Bot.pyproj", "{E27EC491-5F6D-4A6C-BF9C-8392F266A9DA}"
EndProject
Project("{8BC9CEB8-8B4A-11D0-8D11-00A0C91BC942}") = "sqfvm-cpp", "sqfvm-cpp\sqfvm-cpp.vcxproj", "{30E1BC90-027B-4044-9695-1C1A4671D14B}"
EndProject
Global
	GlobalSection(SolutionConfigurationPlatforms) = preSolution
		Debug|Any CPU = Debug|Any CPU
		Debug|x64 = Debug|x64
		Debug|x86 = Debug|x86
		DLL|Any CPU = DLL|Any CPU
		DLL|x64 = DLL|x64
		DLL|x86 = DLL|x86
		Release|Any CPU = Release|Any CPU
		Release|x64 = Release|x64
		Release|x86 = Release|x86
	EndGlobalSection
	GlobalSection(ProjectConfigurationPlatforms) = postSolution
		{262E778C-9733-435F-B97D-F8B78C333CC3}.Debug|Any CPU.ActiveCfg = Debug|Win32
		{262E778C-9733-435F-B97D-F8B78C333CC3}.Debug|x64.ActiveCfg = Debug|x64
		{262E778C-9733-435F-B97D-F8B78C333CC3}.Debug|x64.Build.0 = Debug|x64
		{262E778C-9733-435F-B97D-F8B78C333CC3}.Debug|x86.ActiveCfg = Debug|Win32
		{262E778C-9733-435F-B97D-F8B78C333CC3}.Debug|x86.Build.0 = Debug|Win32
		{262E778C-9733-435F-B97D-F8B78C333CC3}.DLL|Any CPU.ActiveCfg = DLL|Win32
		{262E778C-9733-435F-B97D-F8B78C333CC3}.DLL|x64.ActiveCfg = DLL|x64
		{262E778C-9733-435F-B97D-F8B78C333CC3}.DLL|x64.Build.0 = DLL|x64
		{262E778C-9733-435F-B97D-F8B78C333CC3}.DLL|x86.ActiveCfg = DLL|Win32
		{262E778C-9733-435F-B97D-F8B78C333CC3}.DLL|x86.Build.0 = DLL|Win32
		{262E778C-9733-435F-B97D-F8B78C333CC3}.Release|Any CPU.ActiveCfg = Release|Win32
		{262E778C-9733-435F-B97D-F8B78C333CC3}.Release|x64.ActiveCfg = Release|x64
		{262E778C-9733-435F-B97D-F8B78C333CC3}.Release|x64.Build.0 = Release|x64
		{262E778C-9733-435F-B97D-F8B78C333CC3}.Release|x86.ActiveCfg = Release|Win32
		{262E778C-9733-435F-B97D-F8B78C333CC3}.Release|x86.Build.0 = Release|Win32
		{E27EC491-5F6D-4A6C-BF9C-8392F266A9DA}.Debug|Any CPU.ActiveCfg = Debug|Any CPU
		{E27EC491-5F6D-4A6C-BF9C-8392F266A9DA}.Debug|x64.ActiveCfg = Debug|Any CPU
		{E27EC491-5F6D-4A6C-BF9C-8392F266A9DA}.Debug|x86.ActiveCfg = Debug|Any CPU
		{E27EC491-5F6D-4A6C-BF9C-8392F266A9DA}.DLL|Any CPU.ActiveCfg = Debug|Any CPU
		{E27EC491-5F6D-4A6C-BF9C-8392F266A9DA}.DLL|x64.ActiveCfg = Debug|Any CPU
		{E27EC491-5F6D-4A6C-BF9C-8392F266A9DA}.DLL|x86.ActiveCfg = Debug|Any CPU
		{E27EC491-5F6D-4A6C-BF9C-8392F266A9DA}.Release|Any CPU.ActiveCfg = Release|Any CPU
		{E27EC491-5F6D-4A6C-BF9C-8392F266A9DA}.Release|x64.ActiveCfg = Release|Any CPU
		{E27EC491-5F6D-4A6C-BF9C-8392F266A9DA}.Release|x86.ActiveCfg = Release|Any CPU
		{30E1BC90-027B-4044-9695-1C1A4671D14B}.Debug|Any CPU.ActiveCfg = Debug|Win32
		{30E1BC90-027B-4044-9695-1C1A4671D14B}.Debug|x64.ActiveCfg = Debug|x64
		{30E1BC90-027B-4044-9695-1C1A4671D14B}.Debug|x64.Build.0 = Debug|x64
		{30E1BC90-027B-4044-9695-1C1A4671D14B}.Debug|x86.ActiveCfg = Debug|Win32
		{30E1BC90-027B-4044-9695-1C1A4671D14B}.Debug|x86.Build.0 = Debug|Win32
		{30E1BC90-027B-4044-9695-1C1A4671D14B}.DLL|Any CPU.ActiveCfg = Release|x64
		{30E1BC90-027B-4044-9695-1C1A4671D14B}.DLL|Any CPU.Build.0 = Release|x64
		{30E1BC90-027B-4044-9695-1C1A4671D14B}.DLL|x64.ActiveCfg = Debug|x64
		{30E1BC90-027B-4044-9695-1C1A4671D14B}.DLL|x64.Build.0 = Debug|x64
		{30E1BC90-027B-4044-9695-1C1A4671D14B}.DLL|x86.ActiveCfg = Debug|Win32
		{30E1BC90-027B-4044-9695-1C1A4671D14B}.DLL|x86.Build.0 = Debug|Win32
		{30E1BC90-027B-4044-9695-1C1A4671D14B}.Release|Any CPU.ActiveCfg = Release|Win32
		{30E1BC90-027B-4044-9695-1C1A4671D14B}.Release|x64.ActiveCfg = Release|x64
		{30E1BC90-027B-4044-9695-1C1A4671D14B}.Release|x64.Build.0 = Release|x64
		{30E1BC90-027B-4044-9695-1C1A4671D14B}.Release|x86.ActiveCfg = Release|Win32
		{30E1BC90-027B-4044-9695-1C1A4671D14B}.Release|x86.Build.0 = Release|Win32
	EndGlobalSection
	GlobalSection(SolutionProperties) = preSolution
		HideSolutionNode = FALSE
	EndGlobalSection
	GlobalSection(ExtensibilityGlobals) = postSolution
		SolutionGuid = {4B02DEEF-25F3-427F-9745-84D8B05D1D1C}
	EndGlobalSection
EndGlobal
