<?xml version="1.0" encoding="utf-8"?>
<Project ToolsVersion="4.0" xmlns="http://schemas.microsoft.com/developer/msbuild/2003">
  <ItemGroup>
    <Filter Include="Source Files">
      <UniqueIdentifier>{4FC737F1-C7A5-4376-A066-2A32D752A2FF}</UniqueIdentifier>
      <Extensions>cpp;c;cc;cxx;def;odl;idl;hpj;bat;asm;asmx</Extensions>
    </Filter>
    <Filter Include="Header Files">
      <UniqueIdentifier>{93995380-89BD-4b04-88EB-625FBE52EBFB}</UniqueIdentifier>
      <Extensions>h;hh;hpp;hxx;hm;inl;inc;xsd</Extensions>
    </Filter>
    <Filter Include="Resource Files">
      <UniqueIdentifier>{67DA6AB6-F800-4c08-8B7A-83BB121AAD01}</UniqueIdentifier>
      <Extensions>rc;ico;cur;bmp;dlg;rc2;rct;bin;rgs;gif;jpg;jpeg;jpe;resx;tiff;tif;png;wav;mfcribbon-ms</Extensions>
    </Filter>
    <Filter Include="Header Files\data">
      <UniqueIdentifier>{a18e4afb-a4ce-4c71-aeab-109430e0699b}</UniqueIdentifier>
    </Filter>
    <Filter Include="Source Files\data">
      <UniqueIdentifier>{d65d65af-2264-43d1-97a5-007331fde389}</UniqueIdentifier>
    </Filter>
    <Filter Include="Header Files\instructions">
      <UniqueIdentifier>{b258d7f2-a2b6-4d57-8127-f64c8cc6406f}</UniqueIdentifier>
    </Filter>
    <Filter Include="Source Files\instructions">
      <UniqueIdentifier>{db62f1e7-3b0f-4cc6-a159-67bf03fe3d38}</UniqueIdentifier>
    </Filter>
    <Filter Include="Header Files\commands">
      <UniqueIdentifier>{a89416f8-a537-411b-b018-67df4ebc974d}</UniqueIdentifier>
    </Filter>
    <Filter Include="Source Files\commands">
      <UniqueIdentifier>{34f19fe5-a17a-4fd3-8801-a06c50150e2b}</UniqueIdentifier>
    </Filter>
    <Filter Include="Source Files\parse">
      <UniqueIdentifier>{8ff3902c-2819-4e90-acbd-76285561ec1a}</UniqueIdentifier>
    </Filter>
    <Filter Include="Header Files\parse">
      <UniqueIdentifier>{2170a3e0-de71-4331-a8b3-79dc0224dc1f}</UniqueIdentifier>
    </Filter>
  </ItemGroup>
  <ItemGroup>
    <ClCompile Include="Entry.cpp">
      <Filter>Source Files</Filter>
    </ClCompile>
    <ClCompile Include="value.cpp">
      <Filter>Source Files</Filter>
    </ClCompile>
    <ClCompile Include="convert.cpp">
      <Filter>Source Files\data</Filter>
    </ClCompile>
    <ClCompile Include="booldata.cpp">
      <Filter>Source Files\data</Filter>
    </ClCompile>
    <ClCompile Include="scalardata.cpp">
      <Filter>Source Files\data</Filter>
    </ClCompile>
    <ClCompile Include="stringdata.cpp">
      <Filter>Source Files\data</Filter>
    </ClCompile>
    <ClCompile Include="arraydata.cpp">
      <Filter>Source Files\data</Filter>
    </ClCompile>
    <ClCompile Include="wstring_op.c">
      <Filter>Source Files</Filter>
    </ClCompile>
    <ClCompile Include="virtualmachine.cpp">
      <Filter>Source Files</Filter>
    </ClCompile>
    <ClCompile Include="instassignto.cpp">
      <Filter>Source Files\instructions</Filter>
    </ClCompile>
    <ClCompile Include="instassigntolocal.cpp">
      <Filter>Source Files\instructions</Filter>
    </ClCompile>
    <ClCompile Include="instcallbinary.cpp">
      <Filter>Source Files\instructions</Filter>
    </ClCompile>
    <ClCompile Include="instcallnullar.cpp">
      <Filter>Source Files\instructions</Filter>
    </ClCompile>
    <ClCompile Include="instcallunary.cpp">
      <Filter>Source Files\instructions</Filter>
    </ClCompile>
    <ClCompile Include="instgetvariable.cpp">
      <Filter>Source Files\instructions</Filter>
    </ClCompile>
    <ClCompile Include="namespaces.cpp">
      <Filter>Source Files\commands</Filter>
    </ClCompile>
    <ClCompile Include="callstack.cpp">
      <Filter>Source Files</Filter>
    </ClCompile>
    <ClCompile Include="instruction.cpp">
      <Filter>Source Files\instructions</Filter>
    </ClCompile>
    <ClCompile Include="parseassembly.cpp">
      <Filter>Source Files\parse</Filter>
    </ClCompile>
    <ClCompile Include="parsesqf.cpp">
      <Filter>Source Files\parse</Filter>
    </ClCompile>
    <ClCompile Include="commandmap.cpp">
      <Filter>Source Files\commands</Filter>
    </ClCompile>
    <ClCompile Include="codedata.cpp">
      <Filter>Source Files</Filter>
    </ClCompile>
    <ClCompile Include="instmakearray.cpp">
      <Filter>Source Files\instructions</Filter>
    </ClCompile>
  </ItemGroup>
  <ItemGroup>
    <ClInclude Include="value.h">
      <Filter>Header Files</Filter>
    </ClInclude>
    <ClInclude Include="full.h">
      <Filter>Header Files</Filter>
    </ClInclude>
    <ClInclude Include="data.h">
      <Filter>Header Files\data</Filter>
    </ClInclude>
    <ClInclude Include="convert.h">
      <Filter>Header Files\data</Filter>
    </ClInclude>
    <ClInclude Include="booldata.h">
      <Filter>Header Files\data</Filter>
    </ClInclude>
    <ClInclude Include="arraydata.h">
      <Filter>Header Files\data</Filter>
    </ClInclude>
    <ClInclude Include="virtualmachine.h">
      <Filter>Header Files</Filter>
    </ClInclude>
    <ClInclude Include="type.h">
      <Filter>Header Files</Filter>
    </ClInclude>
    <ClInclude Include="namespace.h">
      <Filter>Header Files\data</Filter>
    </ClInclude>
    <ClInclude Include="wstring_op.h">
      <Filter>Header Files</Filter>
    </ClInclude>
    <ClInclude Include="stringdata.h">
      <Filter>Header Files\data</Filter>
    </ClInclude>
    <ClInclude Include="scalardata.h">
      <Filter>Header Files\data</Filter>
    </ClInclude>
    <ClInclude Include="instruction.h">
      <Filter>Header Files\instructions</Filter>
    </ClInclude>
    <ClInclude Include="varscope.h">
      <Filter>Header Files</Filter>
    </ClInclude>
    <ClInclude Include="callstack.h">
      <Filter>Header Files</Filter>
    </ClInclude>
    <ClInclude Include="cmd.h">
      <Filter>Header Files\commands</Filter>
    </ClInclude>
    <ClInclude Include="instendstatement.h">
      <Filter>Header Files\instructions</Filter>
    </ClInclude>
    <ClInclude Include="instcallnullar.h">
      <Filter>Header Files\instructions</Filter>
    </ClInclude>
    <ClInclude Include="instcallunary.h">
      <Filter>Header Files\instructions</Filter>
    </ClInclude>
    <ClInclude Include="instgetvariable.h">
      <Filter>Header Files\instructions</Filter>
    </ClInclude>
    <ClInclude Include="instpush.h">
      <Filter>Header Files\instructions</Filter>
    </ClInclude>
    <ClInclude Include="instassignto.h">
      <Filter>Header Files\instructions</Filter>
    </ClInclude>
    <ClInclude Include="instassigntolocal.h">
      <Filter>Header Files\instructions</Filter>
    </ClInclude>
    <ClInclude Include="instcallbinary.h">
      <Filter>Header Files\instructions</Filter>
    </ClInclude>
    <ClInclude Include="namespaces.h">
      <Filter>Header Files\commands</Filter>
    </ClInclude>
    <ClInclude Include="vmstack.h">
      <Filter>Header Files</Filter>
    </ClInclude>
    <ClInclude Include="compiletime.h">
      <Filter>Header Files</Filter>
    </ClInclude>
    <ClInclude Include="instmakearray.h">
      <Filter>Header Files\instructions</Filter>
    </ClInclude>
    <ClInclude Include="codedata.h">
      <Filter>Header Files\data</Filter>
    </ClInclude>
    <ClInclude Include="astnode.h">
      <Filter>Header Files\parse</Filter>
    </ClInclude>
    <ClInclude Include="sqfasttypes.h">
      <Filter>Header Files\parse</Filter>
    </ClInclude>
    <ClInclude Include="parsesqf.h">
      <Filter>Header Files\parse</Filter>
    </ClInclude>
  </ItemGroup>
</Project>