<?xml version="1.0" encoding="utf-8"?>
<Project ToolsVersion="4.0" xmlns="http://schemas.microsoft.com/developer/msbuild/2003">
  <ItemGroup>
    <Filter Include="Source Files">
      <UniqueIdentifier>{4FC737F1-C7A5-4376-A066-2A32D752A2FF}</UniqueIdentifier>
      <Extensions>cpp;c;cc;cxx;def;odl;idl;hpj;bat;asm;asmx</Extensions>
    </Filter>
    <Filter Include="Header Files">
      <UniqueIdentifier>{93995380-89BD-4b04-88EB-625FBE52EBFB}</UniqueIdentifier>
      <Extensions>h;hh;hpp;hxx;hm;inl;inc;xsd</Extensions>
    </Filter>
    <Filter Include="Resource Files">
      <UniqueIdentifier>{67DA6AB6-F800-4c08-8B7A-83BB121AAD01}</UniqueIdentifier>
      <Extensions>rc;ico;cur;bmp;dlg;rc2;rct;bin;rgs;gif;jpg;jpeg;jpe;resx;tiff;tif;png;wav;mfcribbon-ms</Extensions>
    </Filter>
    <Filter Include="Header Files\data">
      <UniqueIdentifier>{a18e4afb-a4ce-4c71-aeab-109430e0699b}</UniqueIdentifier>
    </Filter>
    <Filter Include="Source Files\data">
      <UniqueIdentifier>{d65d65af-2264-43d1-97a5-007331fde389}</UniqueIdentifier>
    </Filter>
  </ItemGroup>
  <ItemGroup>
    <ClCompile Include="Entry.cpp">
      <Filter>Source Files</Filter>
    </ClCompile>
    <ClCompile Include="value.cpp">
      <Filter>Source Files</Filter>
    </ClCompile>
    <ClCompile Include="sqfvm.cpp">
      <Filter>Source Files</Filter>
    </ClCompile>
    <ClCompile Include="convert.cpp">
      <Filter>Source Files\data</Filter>
    </ClCompile>
    <ClCompile Include="booldata.cpp">
      <Filter>Source Files\data</Filter>
    </ClCompile>
    <ClCompile Include="scalardata.h">
      <Filter>Header Files\data</Filter>
    </ClCompile>
    <ClCompile Include="scalardata.cpp">
      <Filter>Source Files\data</Filter>
    </ClCompile>
    <ClCompile Include="stringdata.h">
      <Filter>Header Files\data</Filter>
    </ClCompile>
    <ClCompile Include="stringdata.cpp">
      <Filter>Source Files\data</Filter>
    </ClCompile>
    <ClCompile Include="arraydata.cpp">
      <Filter>Source Files</Filter>
    </ClCompile>
  </ItemGroup>
  <ItemGroup>
    <ClInclude Include="sqfvm.h">
      <Filter>Header Files</Filter>
    </ClInclude>
    <ClInclude Include="value.h">
      <Filter>Header Files</Filter>
    </ClInclude>
    <ClInclude Include="full.h">
      <Filter>Header Files</Filter>
    </ClInclude>
    <ClInclude Include="sqftype.h">
      <Filter>Header Files</Filter>
    </ClInclude>
    <ClInclude Include="data.h">
      <Filter>Header Files\data</Filter>
    </ClInclude>
    <ClInclude Include="convert.h">
      <Filter>Header Files\data</Filter>
    </ClInclude>
    <ClInclude Include="booldata.h">
      <Filter>Header Files\data</Filter>
    </ClInclude>
    <ClInclude Include="arraydata.h">
      <Filter>Header Files\data</Filter>
    </ClInclude>
  </ItemGroup>
</Project>